{
  "name": "xervai-website",
  "version": "1.0.0",
  "lockfileVersion": 2,
  "requires": true,
  "packages": {
    "": {
      "name": "xervai-website",
      "version": "1.0.0",
      "license": "ISC",
      "devDependencies": {
        "serve": "^14.2.1"
      }
    },
    "node_modules/serve": {
      "version": "14.2.1",
      "resolved": "https://registry.npmjs.org/serve/-/serve-14.2.1.tgz",
      "integrity": "sha512-23uVo4Mzv4lzkX8Cdep3tQ2eG5zFgzL2IaDeK2NHa5hL4FUkTYBha0Ec3yJ0Y1tkv+1yW5KzC0uCuu3YG5uQWSA==",
      "dev": true,
      "bin": {
        "serve": "bin/serve.js"
      }
    }
  }
}
